
Microsoft Visual Studio Solution File, Format Version 12.00
Project("{FAE04EC0-301F-11D3-BF4B-00C04F79EFBC}") = "FamilyTreeApi", "FamilyTreeApi\FamilyTreeApi.csproj", "{87CE9A51-563E-420B-86A8-09CA51C06342}"
EndProject
Global
	GlobalSection(SolutionConfigurationPlatforms) = preSolution
		Debug|Any CPU = Debug|Any CPU
		Release|Any CPU = Release|Any CPU
	EndGlobalSection
	GlobalSection(ProjectConfigurationPlatforms) = postSolution
		{87CE9A51-563E-420B-86A8-09CA51C06342}.Debug|Any CPU.ActiveCfg = Debug|Any CPU
		{87CE9A51-563E-420B-86A8-09CA51C06342}.Debug|Any CPU.Build.0 = Debug|Any CPU
		{87CE9A51-563E-420B-86A8-09CA51C06342}.Release|Any CPU.ActiveCfg = Release|Any CPU
		{87CE9A51-563E-420B-86A8-09CA51C06342}.Release|Any CPU.Build.0 = Release|Any CPU
	EndGlobalSection
EndGlobal
